
Microsoft Visual Studio Solution File, Format Version 12.00
# Visual Studio Version 16
VisualStudioVersion = 16.0.28729.10
MinimumVisualStudioVersion = 10.0.40219.1
Project("{FAE04EC0-301F-11D3-BF4B-00C04F79EFBC}") = "SphinxConnectorSample", "SphinxConnectorSample\SphinxConnectorSample.csproj", "{E28A12AE-2E02-44E0-B840-F807FFF930E1}"
EndProject
Global
	GlobalSection(SolutionConfigurationPlatforms) = preSolution
		Debug|Any CPU = Debug|Any CPU
		Release|Any CPU = Release|Any CPU
	EndGlobalSection
	GlobalSection(ProjectConfigurationPlatforms) = postSolution
		{E28A12AE-2E02-44E0-B840-F807FFF930E1}.Debug|Any CPU.ActiveCfg = Debug|Any CPU
		{E28A12AE-2E02-44E0-B840-F807FFF930E1}.Debug|Any CPU.Build.0 = Debug|Any CPU
		{E28A12AE-2E02-44E0-B840-F807FFF930E1}.Release|Any CPU.ActiveCfg = Release|Any CPU
		{E28A12AE-2E02-44E0-B840-F807FFF930E1}.Release|Any CPU.Build.0 = Release|Any CPU
	EndGlobalSection
	GlobalSection(SolutionProperties) = preSolution
		HideSolutionNode = FALSE
	EndGlobalSection
	GlobalSection(ExtensibilityGlobals) = postSolution
		SolutionGuid = {4259FFDB-3161-4E32-A070-12F9DCAAFABC}
	EndGlobalSection
EndGlobal
